// !$*UTF8*$!
{
	archiveVersion = 1;
	classes = {
	};
	objectVersion = 46;
	objects = {

/* Begin PBXBuildFile section */
		DEAFB5841BF4012800DCE0A3 /* AppDelegate.swift in Sources */ = {isa = PBXBuildFile; fileRef = DEAFB5831BF4012800DCE0A3 /* AppDelegate.swift */; };
		DEAFB5861BF4012800DCE0A3 /* ViewController.swift in Sources */ = {isa = PBXBuildFile; fileRef = DEAFB5851BF4012800DCE0A3 /* ViewController.swift */; };
		DEAFB5891BF4012800DCE0A3 /* Main.storyboard in Resources */ = {isa = PBXBuildFile; fileRef = DEAFB5871BF4012800DCE0A3 /* Main.storyboard */; };
		DEAFB58B1BF4012800DCE0A3 /* Assets.xcassets in Resources */ = {isa = PBXBuildFile; fileRef = DEAFB58A1BF4012800DCE0A3 /* Assets.xcassets */; };
		DEAFB58E1BF4012800DCE0A3 /* LaunchScreen.storyboard in Resources */ = {isa = PBXBuildFile; fileRef = DEAFB58C1BF4012800DCE0A3 /* LaunchScreen.storyboard */; };
		DEAFB5991BF4012800DCE0A3 /* IAPSandBoxAppTests.swift in Sources */ = {isa = PBXBuildFile; fileRef = DEAFB5981BF4012800DCE0A3 /* IAPSandBoxAppTests.swift */; };
/* End PBXBuildFile section */

/* Begin PBXContainerItemProxy section */
		DEAFB5951BF4012800DCE0A3 /* PBXContainerItemProxy */ = {
			isa = PBXContainerItemProxy;
			containerPortal = DEAFB5781BF4012700DCE0A3 /* Project object */;
			proxyType = 1;
			remoteGlobalIDString = DEAFB57F1BF4012700DCE0A3;
			remoteInfo = IAPSandBoxApp;
		};
/* End PBXContainerItemProxy section */

/* Begin PBXFileReference section */
		DEAFB5801BF4012700DCE0A3 /* IAPSandBoxApp.app */ = {isa = PBXFileReference; explicitFileType = wrapper.application; includeInIndex = 0; path = IAPSandBoxApp.app; sourceTree = BUILT_PRODUCTS_DIR; };
		DEAFB5831BF4012800DCE0A3 /* AppDelegate.swift */ = {isa = PBXFileReference; lastKnownFileType = sourcecode.swift; path = AppDelegate.swift; sourceTree = "<group>"; };
		DEAFB5851BF4012800DCE0A3 /* ViewController.swift */ = {isa = PBXFileReference; lastKnownFileType = sourcecode.swift; path = ViewController.swift; sourceTree = "<group>"; };
		DEAFB5881BF4012800DCE0A3 /* Base */ = {isa = PBXFileReference; lastKnownFileType = file.storyboard; name = Base; path = Base.lproj/Main.storyboard; sourceTree = "<group>"; };
		DEAFB58A1BF4012800DCE0A3 /* Assets.xcassets */ = {isa = PBXFileReference; lastKnownFileType = folder.assetcatalog; path = Assets.xcassets; sourceTree = "<group>"; };
		DEAFB58D1BF4012800DCE0A3 /* Base */ = {isa = PBXFileReference; lastKnownFileType = file.storyboard; name = Base; path = Base.lproj/LaunchScreen.storyboard; sourceTree = "<group>"; };
		DEAFB58F1BF4012800DCE0A3 /* Info.plist */ = {isa = PBXFileReference; lastKnownFileType = text.plist.xml; path = Info.plist; sourceTree = "<group>"; };
		DEAFB5941BF4012800DCE0A3 /* IAPSandBoxAppTests.xctest */ = {isa = PBXFileReference; explicitFileType = wrapper.cfbundle; includeInIndex = 0; path = IAPSandBoxAppTests.xctest; sourceTree = BUILT_PRODUCTS_DIR; };
		DEAFB5981BF4012800DCE0A3 /* IAPSandBoxAppTests.swift */ = {isa = PBXFileReference; lastKnownFileType = sourcecode.swift; path = IAPSandBoxAppTests.swift; sourceTree = "<group>"; };
		DEAFB59A1BF4012800DCE0A3 /* Info.plist */ = {isa = PBXFileReference; lastKnownFileType = text.plist.xml; path = Info.plist; sourceTree = "<group>"; };
/* End PBXFileReference section */

/* Begin PBXFrameworksBuildPhase section */
		DEAFB57D1BF4012700DCE0A3 /* Frameworks */ = {
			isa = PBXFrameworksBuildPhase;
			buildActionMask = 2147483647;
			files = (
			);
			runOnlyForDeploymentPostprocessing = 0;
		};
		DEAFB5911BF4012800DCE0A3 /* Frameworks */ = {
			isa = PBXFrameworksBuildPhase;
			buildActionMask = 2147483647;
			files = (
			);
			runOnlyForDeploymentPostprocessing = 0;
		};
/* End PBXFrameworksBuildPhase section */

/* Begin PBXGroup section */
		DEAFB5771BF4012700DCE0A3 = {
			isa = PBXGroup;
			children = (
				DEAFB5821BF4012800DCE0A3 /* IAPSandBoxApp */,
				DEAFB5971BF4012800DCE0A3 /* IAPSandBoxAppTests */,
				DEAFB5811BF4012700DCE0A3 /* Products */,
			);
			sourceTree = "<group>";
		};
		DEAFB5811BF4012700DCE0A3 /* Products */ = {
			isa = PBXGroup;
			children = (
				DEAFB5801BF4012700DCE0A3 /* IAPSandBoxApp.app */,
				DEAFB5941BF4012800DCE0A3 /* IAPSandBoxAppTests.xctest */,
			);
			name = Products;
			sourceTree = "<group>";
		};
		DEAFB5821BF4012800DCE0A3 /* IAPSandBoxApp */ = {
			isa = PBXGroup;
			children = (
				DEAFB5831BF4012800DCE0A3 /* AppDelegate.swift */,
				DEAFB5851BF4012800DCE0A3 /* ViewController.swift */,
				DEAFB5871BF4012800DCE0A3 /* Main.storyboard */,
				DEAFB58A1BF4012800DCE0A3 /* Assets.xcassets */,
				DEAFB58C1BF4012800DCE0A3 /* LaunchScreen.storyboard */,
				DEAFB58F1BF4012800DCE0A3 /* Info.plist */,
			);
			path = IAPSandBoxApp;
			sourceTree = "<group>";
		};
		DEAFB5971BF4012800DCE0A3 /* IAPSandBoxAppTests */ = {
			isa = PBXGroup;
			children = (
				DEAFB5981BF4012800DCE0A3 /* IAPSandBoxAppTests.swift */,
				DEAFB59A1BF4012800DCE0A3 /* Info.plist */,
			);
			path = IAPSandBoxAppTests;
			sourceTree = "<group>";
		};
/* End PBXGroup section */

/* Begin PBXNativeTarget section */
		DEAFB57F1BF4012700DCE0A3 /* IAPSandBoxApp */ = {
			isa = PBXNativeTarget;
			buildConfigurationList = DEAFB59D1BF4012800DCE0A3 /* Build configuration list for PBXNativeTarget "IAPSandBoxApp" */;
			buildPhases = (
				DEAFB57C1BF4012700DCE0A3 /* Sources */,
				DEAFB57D1BF4012700DCE0A3 /* Frameworks */,
				DEAFB57E1BF4012700DCE0A3 /* Resources */,
			);
			buildRules = (
			);
			dependencies = (
			);
			name = IAPSandBoxApp;
			productName = IAPSandBoxApp;
			productReference = DEAFB5801BF4012700DCE0A3 /* IAPSandBoxApp.app */;
			productType = "com.apple.product-type.application";
		};
		DEAFB5931BF4012800DCE0A3 /* IAPSandBoxAppTests */ = {
			isa = PBXNativeTarget;
			buildConfigurationList = DEAFB5A01BF4012800DCE0A3 /* Build configuration list for PBXNativeTarget "IAPSandBoxAppTests" */;
			buildPhases = (
				DEAFB5901BF4012800DCE0A3 /* Sources */,
				DEAFB5911BF4012800DCE0A3 /* Frameworks */,
				DEAFB5921BF4012800DCE0A3 /* Resources */,
			);
			buildRules = (
			);
			dependencies = (
				DEAFB5961BF4012800DCE0A3 /* PBXTargetDependency */,
			);
			name = IAPSandBoxAppTests;
			productName = IAPSandBoxAppTests;
			productReference = DEAFB5941BF4012800DCE0A3 /* IAPSandBoxAppTests.xctest */;
			productType = "com.apple.product-type.bundle.unit-test";
		};
/* End PBXNativeTarget section */

/* Begin PBXProject section */
		DEAFB5781BF4012700DCE0A3 /* Project object */ = {
			isa = PBXProject;
			attributes = {
				LastUpgradeCheck = 0700;
				ORGANIZATIONNAME = "Evgeny Karkan";
				TargetAttributes = {
					DEAFB57F1BF4012700DCE0A3 = {
						CreatedOnToolsVersion = 7.0.1;
					};
					DEAFB5931BF4012800DCE0A3 = {
						CreatedOnToolsVersion = 7.0.1;
						TestTargetID = DEAFB57F1BF4012700DCE0A3;
					};
				};
			};
			buildConfigurationList = DEAFB57B1BF4012700DCE0A3 /* Build configuration list for PBXProject "IAPSandBoxApp" */;
			compatibilityVersion = "Xcode 3.2";
			developmentRegion = English;
			hasScannedForEncodings = 0;
			knownRegions = (
				en,
				Base,
			);
			mainGroup = DEAFB5771BF4012700DCE0A3;
			productRefGroup = DEAFB5811BF4012700DCE0A3 /* Products */;
			projectDirPath = "";
			projectRoot = "";
			targets = (
				DEAFB57F1BF4012700DCE0A3 /* IAPSandBoxApp */,
				DEAFB5931BF4012800DCE0A3 /* IAPSandBoxAppTests */,
			);
		};
/* End PBXProject section */

/* Begin PBXResourcesBuildPhase section */
		DEAFB57E1BF4012700DCE0A3 /* Resources */ = {
			isa = PBXResourcesBuildPhase;
			buildActionMask = 2147483647;
			files = (
				DEAFB58E1BF4012800DCE0A3 /* LaunchScreen.storyboard in Resources */,
				DEAFB58B1BF4012800DCE0A3 /* Assets.xcassets in Resources */,
				DEAFB5891BF4012800DCE0A3 /* Main.storyboard in Resources */,
			);
			runOnlyForDeploymentPostprocessing = 0;
		};
		DEAFB5921BF4012800DCE0A3 /* Resources */ = {
			isa = PBXResourcesBuildPhase;
			buildActionMask = 2147483647;
			files = (
			);
			runOnlyForDeploymentPostprocessing = 0;
		};
/* End PBXResourcesBuildPhase section */

/* Begin PBXSourcesBuildPhase section */
		DEAFB57C1BF4012700DCE0A3 /* Sources */ = {
			isa = PBXSourcesBuildPhase;
			buildActionMask = 2147483647;
			files = (
				DEAFB5861BF4012800DCE0A3 /* ViewController.swift in Sources */,
				DEAFB5841BF4012800DCE0A3 /* AppDelegate.swift in Sources */,
			);
			runOnlyForDeploymentPostprocessing = 0;
		};
		DEAFB5901BF4012800DCE0A3 /* Sources */ = {
			isa = PBXSourcesBuildPhase;
			buildActionMask = 2147483647;
			files = (
				DEAFB5991BF4012800DCE0A3 /* IAPSandBoxAppTests.swift in Sources */,
			);
			runOnlyForDeploymentPostprocessing = 0;
		};
/* End PBXSourcesBuildPhase section */

/* Begin PBXTargetDependency section */
		DEAFB5961BF4012800DCE0A3 /* PBXTargetDependency */ = {
			isa = PBXTargetDependency;
			target = DEAFB57F1BF4012700DCE0A3 /* IAPSandBoxApp */;
			targetProxy = DEAFB5951BF4012800DCE0A3 /* PBXContainerItemProxy */;
		};
/* End PBXTargetDependency section */

/* Begin PBXVariantGroup section */
		DEAFB5871BF4012800DCE0A3 /* Main.storyboard */ = {
			isa = PBXVariantGroup;
			children = (
				DEAFB5881BF4012800DCE0A3 /* Base */,
			);
			name = Main.storyboard;
			sourceTree = "<group>";
		};
		DEAFB58C1BF4012800DCE0A3 /* LaunchScreen.storyboard */ = {
			isa = PBXVariantGroup;
			children = (
				DEAFB58D1BF4012800DCE0A3 /* Base */,
			);
			name = LaunchScreen.storyboard;
			sourceTree = "<group>";
		};
/* End PBXVariantGroup section */

/* Begin XCBuildConfiguration section */
		DEAFB59B1BF4012800DCE0A3 /* Debug */ = {
			isa = XCBuildConfiguration;
			buildSettings = {
				ALWAYS_SEARCH_USER_PATHS = NO;
				CLANG_CXX_LANGUAGE_STANDARD = "gnu++0x";
				CLANG_CXX_LIBRARY = "libc++";
				CLANG_ENABLE_MODULES = YES;
				CLANG_ENABLE_OBJC_ARC = YES;
				CLANG_WARN_BOOL_CONVERSION = YES;
				CLANG_WARN_CONSTANT_CONVERSION = YES;
				CLANG_WARN_DIRECT_OBJC_ISA_USAGE = YES_ERROR;
				CLANG_WARN_EMPTY_BODY = YES;
				CLANG_WARN_ENUM_CONVERSION = YES;
				CLANG_WARN_INT_CONVERSION = YES;
				CLANG_WARN_OBJC_ROOT_CLASS = YES_ERROR;
				CLANG_WARN_UNREACHABLE_CODE = YES;
				CLANG_WARN__DUPLICATE_METHOD_MATCH = YES;
				"CODE_SIGN_IDENTITY[sdk=iphoneos*]" = "iPhone Developer";
				COPY_PHASE_STRIP = NO;
				DEBUG_INFORMATION_FORMAT = dwarf;
				ENABLE_STRICT_OBJC_MSGSEND = YES;
				ENABLE_TESTABILITY = YES;
				GCC_C_LANGUAGE_STANDARD = gnu99;
				GCC_DYNAMIC_NO_PIC = NO;
				GCC_NO_COMMON_BLOCKS = YES;
				GCC_OPTIMIZATION_LEVEL = 0;
				GCC_PREPROCESSOR_DEFINITIONS = (
					"DEBUG=1",
					"$(inherited)",
				);
				GCC_WARN_64_TO_32_BIT_CONVERSION = YES;
				GCC_WARN_ABOUT_RETURN_TYPE = YES_ERROR;
				GCC_WARN_UNDECLARED_SELECTOR = YES;
				GCC_WARN_UNINITIALIZED_AUTOS = YES_AGGRESSIVE;
				GCC_WARN_UNUSED_FUNCTION = YES;
				GCC_WARN_UNUSED_VARIABLE = YES;
				IPHONEOS_DEPLOYMENT_TARGET = 9.0;
				MTL_ENABLE_DEBUG_INFO = YES;
				ONLY_ACTIVE_ARCH = YES;
				SDKROOT = iphoneos;
				SWIFT_OPTIMIZATION_LEVEL = "-Onone";
				TARGETED_DEVICE_FAMILY = "1,2";
			};
			name = Debug;
		};
		DEAFB59C1BF4012800DCE0A3 /* Release */ = {
			isa = XCBuildConfiguration;
			buildSettings = {
				ALWAYS_SEARCH_USER_PATHS = NO;
				CLANG_CXX_LANGUAGE_STANDARD = "gnu++0x";
				CLANG_CXX_LIBRARY = "libc++";
				CLANG_ENABLE_MODULES = YES;
				CLANG_ENABLE_OBJC_ARC = YES;
				CLANG_WARN_BOOL_CONVERSION = YES;
				CLANG_WARN_CONSTANT_CONVERSION = YES;
				CLANG_WARN_DIRECT_OBJC_ISA_USAGE = YES_ERROR;
				CLANG_WARN_EMPTY_BODY = YES;
				CLANG_WARN_ENUM_CONVERSION = YES;
				CLANG_WARN_INT_CONVERSION = YES;
				CLANG_WARN_OBJC_ROOT_CLASS = YES_ERROR;
				CLANG_WARN_UNREACHABLE_CODE = YES;
				CLANG_WARN__DUPLICATE_METHOD_MATCH = YES;
				"CODE_SIGN_IDENTITY[sdk=iphoneos*]" = "iPhone Developer";
				COPY_PHASE_STRIP = NO;
				DEBUG_INFORMATION_FORMAT = "dwarf-with-dsym";
				ENABLE_NS_ASSERTIONS = NO;
				ENABLE_STRICT_OBJC_MSGSEND = YES;
				GCC_C_LANGUAGE_STANDARD = gnu99;
				GCC_NO_COMMON_BLOCKS = YES;
				GCC_WARN_64_TO_32_BIT_CONVERSION = YES;
				GCC_WARN_ABOUT_RETURN_TYPE = YES_ERROR;
				GCC_WARN_UNDECLARED_SELECTOR = YES;
				GCC_WARN_UNINITIALIZED_AUTOS = YES_AGGRESSIVE;
				GCC_WARN_UNUSED_FUNCTION = YES;
				GCC_WARN_UNUSED_VARIABLE = YES;
				IPHONEOS_DEPLOYMENT_TARGET = 9.0;
				MTL_ENABLE_DEBUG_INFO = NO;
				SDKROOT = iphoneos;
				TARGETED_DEVICE_FAMILY = "1,2";
				VALIDATE_PRODUCT = YES;
			};
			name = Release;
		};
		DEAFB59E1BF4012800DCE0A3 /* Debug */ = {
			isa = XCBuildConfiguration;
			buildSettings = {
				ASSETCATALOG_COMPILER_APPICON_NAME = AppIcon;
				INFOPLIST_FILE = IAPSandBoxApp/Info.plist;
				LD_RUNPATH_SEARCH_PATHS = "$(inherited) @executable_path/Frameworks";
				PRODUCT_BUNDLE_IDENTIFIER = com.evgenykarkan.IAPSandBoxApp;
				PRODUCT_NAME = "$(TARGET_NAME)";
			};
			name = Debug;
		};
		DEAFB59F1BF4012800DCE0A3 /* Release */ = {
			isa = XCBuildConfiguration;
			buildSettings = {
				ASSETCATALOG_COMPILER_APPICON_NAME = AppIcon;
				INFOPLIST_FILE = IAPSandBoxApp/Info.plist;
				LD_RUNPATH_SEARCH_PATHS = "$(inherited) @executable_path/Frameworks";
				PRODUCT_BUNDLE_IDENTIFIER = com.evgenykarkan.IAPSandBoxApp;
				PRODUCT_NAME = "$(TARGET_NAME)";
			};
			name = Release;
		};
		DEAFB5A11BF4012800DCE0A3 /* Debug */ = {
			isa = XCBuildConfiguration;
			buildSettings = {
				BUNDLE_LOADER = "$(TEST_HOST)";
				INFOPLIST_FILE = IAPSandBoxAppTests/Info.plist;
				LD_RUNPATH_SEARCH_PATHS = "$(inherited) @executable_path/Frameworks @loader_path/Frameworks";
				PRODUCT_BUNDLE_IDENTIFIER = com.evgenykarkan.IAPSandBoxAppTests;
				PRODUCT_NAME = "$(TARGET_NAME)";
				TEST_HOST = "$(BUILT_PRODUCTS_DIR)/IAPSandBoxApp.app/IAPSandBoxApp";
			};
			name = Debug;
		};
		DEAFB5A21BF4012800DCE0A3 /* Release */ = {
			isa = XCBuildConfiguration;
			buildSettings = {
				BUNDLE_LOADER = "$(TEST_HOST)";
				INFOPLIST_FILE = IAPSandBoxAppTests/Info.plist;
				LD_RUNPATH_SEARCH_PATHS = "$(inherited) @executable_path/Frameworks @loader_path/Frameworks";
				PRODUCT_BUNDLE_IDENTIFIER = com.evgenykarkan.IAPSandBoxAppTests;
				PRODUCT_NAME = "$(TARGET_NAME)";
				TEST_HOST = "$(BUILT_PRODUCTS_DIR)/IAPSandBoxApp.app/IAPSandBoxApp";
			};
			name = Release;
		};
/* End XCBuildConfiguration section */

/* Begin XCConfigurationList section */
		DEAFB57B1BF4012700DCE0A3 /* Build configuration list for PBXProject "IAPSandBoxApp" */ = {
			isa = XCConfigurationList;
			buildConfigurations = (
				DEAFB59B1BF4012800DCE0A3 /* Debug */,
				DEAFB59C1BF4012800DCE0A3 /* Release */,
			);
			defaultConfigurationIsVisible = 0;
			defaultConfigurationName = Release;
		};
		DEAFB59D1BF4012800DCE0A3 /* Build configuration list for PBXNativeTarget "IAPSandBoxApp" */ = {
			isa = XCConfigurationList;
			buildConfigurations = (
				DEAFB59E1BF4012800DCE0A3 /* Debug */,
				DEAFB59F1BF4012800DCE0A3 /* Release */,
			);
			defaultConfigurationIsVisible = 0;
		};
		DEAFB5A01BF4012800DCE0A3 /* Build configuration list for PBXNativeTarget "IAPSandBoxAppTests" */ = {
			isa = XCConfigurationList;
			buildConfigurations = (
				DEAFB5A11BF4012800DCE0A3 /* Debug */,
				DEAFB5A21BF4012800DCE0A3 /* Release */,
			);
			defaultConfigurationIsVisible = 0;
		};
/* End XCConfigurationList section */
	};
	rootObject = DEAFB5781BF4012700DCE0A3 /* Project object */;
}
